
Microsoft Visual Studio Solution File, Format Version 12.00
# Visual Studio 15
VisualStudioVersion = 15.0.28307.572
MinimumVisualStudioVersion = 10.0.40219.1
Project("{9A19103F-16F7-4668-BE54-9A1E7A4F7556}") = "Cronos", "Cronos\Cronos.csproj", "{028C5556-01A9-4068-AC41-EDD125B93C66}"
EndProject
Project("{9A19103F-16F7-4668-BE54-9A1E7A4F7556}") = "CronosTests", "CronosTests\CronosTests.csproj", "{AFB05BD1-A665-48F1-8971-461D54CDDCA1}"
EndProject
Global
	GlobalSection(SolutionConfigurationPlatforms) = preSolution
		Debug|Any CPU = Debug|Any CPU
		Release|Any CPU = Release|Any CPU
	EndGlobalSection
	GlobalSection(ProjectConfigurationPlatforms) = postSolution
		{028C5556-01A9-4068-AC41-EDD125B93C66}.Debug|Any CPU.ActiveCfg = Debug|Any CPU
		{028C5556-01A9-4068-AC41-EDD125B93C66}.Debug|Any CPU.Build.0 = Debug|Any CPU
		{028C5556-01A9-4068-AC41-EDD125B93C66}.Release|Any CPU.ActiveCfg = Release|Any CPU
		{028C5556-01A9-4068-AC41-EDD125B93C66}.Release|Any CPU.Build.0 = Release|Any CPU
		{AFB05BD1-A665-48F1-8971-461D54CDDCA1}.Debug|Any CPU.ActiveCfg = Debug|Any CPU
		{AFB05BD1-A665-48F1-8971-461D54CDDCA1}.Debug|Any CPU.Build.0 = Debug|Any CPU
		{AFB05BD1-A665-48F1-8971-461D54CDDCA1}.Release|Any CPU.ActiveCfg = Release|Any CPU
		{AFB05BD1-A665-48F1-8971-461D54CDDCA1}.Release|Any CPU.Build.0 = Release|Any CPU
	EndGlobalSection
	GlobalSection(SolutionProperties) = preSolution
		HideSolutionNode = FALSE
	EndGlobalSection
	GlobalSection(ExtensibilityGlobals) = postSolution
		SolutionGuid = {C579E7F9-E93A-47B1-BDE7-491BA9686974}
	EndGlobalSection
EndGlobal
